// !$*UTF8*$!
{
	archiveVersion = 1;
	classes = {
	};
	objectVersion = 46;
	objects = {

/* Begin PBXBuildFile section */
		AC8238E7180340E400E3A207 /* main.c in Sources */ = {isa = PBXBuildFile; fileRef = AC8238E6180340E400E3A207 /* main.c */; };
		AC8238E9180340E400E3A207 /* semaphore_timing.1 in CopyFiles */ = {isa = PBXBuildFile; fileRef = AC8238E8180340E400E3A207 /* semaphore_timing.1 */; };
/* End PBXBuildFile section */

/* Begin PBXCopyFilesBuildPhase section */
		AC8238E1180340E400E3A207 /* CopyFiles */ = {
			isa = PBXCopyFilesBuildPhase;
			buildActionMask = 2147483647;
			dstPath = /usr/share/man/man1/;
			dstSubfolderSpec = 0;
			files = (
				AC8238E9180340E400E3A207 /* semaphore_timing.1 in CopyFiles */,
			);
			runOnlyForDeploymentPostprocessing = 1;
		};
/* End PBXCopyFilesBuildPhase section */

/* Begin PBXFileReference section */
		AC8238E3180340E400E3A207 /* semaphore_timing */ = {isa = PBXFileReference; explicitFileType = "compiled.mach-o.executable"; includeInIndex = 0; path = semaphore_timing; sourceTree = BUILT_PRODUCTS_DIR; };
		AC8238E6180340E400E3A207 /* main.c */ = {isa = PBXFileReference; lastKnownFileType = sourcecode.c.c; path = main.c; sourceTree = "<group>"; };
		AC8238E8180340E400E3A207 /* semaphore_timing.1 */ = {isa = PBXFileReference; lastKnownFileType = text.man; path = semaphore_timing.1; sourceTree = "<group>"; };
/* End PBXFileReference section */

/* Begin PBXFrameworksBuildPhase section */
		AC8238E0180340E400E3A207 /* Frameworks */ = {
			isa = PBXFrameworksBuildPhase;
			buildActionMask = 2147483647;
			files = (
			);
			runOnlyForDeploymentPostprocessing = 0;
		};
/* End PBXFrameworksBuildPhase section */

/* Begin PBXGroup section */
		AC8238DA180340E400E3A207 = {
			isa = PBXGroup;
			children = (
				AC8238E5180340E400E3A207 /* semaphore_timing */,
				AC8238E4180340E400E3A207 /* Products */,
			);
			sourceTree = "<group>";
		};
		AC8238E4180340E400E3A207 /* Products */ = {
			isa = PBXGroup;
			children = (
				AC8238E3180340E400E3A207 /* semaphore_timing */,
			);
			name = Products;
			sourceTree = "<group>";
		};
		AC8238E5180340E400E3A207 /* semaphore_timing */ = {
			isa = PBXGroup;
			children = (
				AC8238E6180340E400E3A207 /* main.c */,
				AC8238E8180340E400E3A207 /* semaphore_timing.1 */,
			);
			path = semaphore_timing;
			sourceTree = "<group>";
		};
/* End PBXGroup section */

/* Begin PBXNativeTarget section */
		AC8238E2180340E400E3A207 /* semaphore_timing */ = {
			isa = PBXNativeTarget;
			buildConfigurationList = AC8238EC180340E400E3A207 /* Build configuration list for PBXNativeTarget "semaphore_timing" */;
			buildPhases = (
				AC8238DF180340E400E3A207 /* Sources */,
				AC8238E0180340E400E3A207 /* Frameworks */,
				AC8238E1180340E400E3A207 /* CopyFiles */,
			);
			buildRules = (
			);
			dependencies = (
			);
			name = semaphore_timing;
			productName = semaphore_timing;
			productReference = AC8238E3180340E400E3A207 /* semaphore_timing */;
			productType = "com.apple.product-type.tool";
		};
/* End PBXNativeTarget section */

/* Begin PBXProject section */
		AC8238DB180340E400E3A207 /* Project object */ = {
			isa = PBXProject;
			attributes = {
				LastUpgradeCheck = 0500;
				ORGANIZATIONNAME = "Alex Egg";
			};
			buildConfigurationList = AC8238DE180340E400E3A207 /* Build configuration list for PBXProject "semaphore_timing" */;
			compatibilityVersion = "Xcode 3.2";
			developmentRegion = English;
			hasScannedForEncodings = 0;
			knownRegions = (
				en,
			);
			mainGroup = AC8238DA180340E400E3A207;
			productRefGroup = AC8238E4180340E400E3A207 /* Products */;
			projectDirPath = "";
			projectRoot = "";
			targets = (
				AC8238E2180340E400E3A207 /* semaphore_timing */,
			);
		};
/* End PBXProject section */

/* Begin PBXSourcesBuildPhase section */
		AC8238DF180340E400E3A207 /* Sources */ = {
			isa = PBXSourcesBuildPhase;
			buildActionMask = 2147483647;
			files = (
				AC8238E7180340E400E3A207 /* main.c in Sources */,
			);
			runOnlyForDeploymentPostprocessing = 0;
		};
/* End PBXSourcesBuildPhase section */

/* Begin XCBuildConfiguration section */
		AC8238EA180340E400E3A207 /* Debug */ = {
			isa = XCBuildConfiguration;
			buildSettings = {
				ALWAYS_SEARCH_USER_PATHS = NO;
				CLANG_CXX_LANGUAGE_STANDARD = "gnu++0x";
				CLANG_CXX_LIBRARY = "libc++";
				CLANG_ENABLE_MODULES = YES;
				CLANG_ENABLE_OBJC_ARC = YES;
				CLANG_WARN_BOOL_CONVERSION = YES;
				CLANG_WARN_CONSTANT_CONVERSION = YES;
				CLANG_WARN_DIRECT_OBJC_ISA_USAGE = YES_ERROR;
				CLANG_WARN_EMPTY_BODY = YES;
				CLANG_WARN_ENUM_CONVERSION = YES;
				CLANG_WARN_INT_CONVERSION = YES;
				CLANG_WARN_OBJC_ROOT_CLASS = YES_ERROR;
				CLANG_WARN__DUPLICATE_METHOD_MATCH = YES;
				COPY_PHASE_STRIP = NO;
				GCC_C_LANGUAGE_STANDARD = gnu99;
				GCC_DYNAMIC_NO_PIC = NO;
				GCC_ENABLE_OBJC_EXCEPTIONS = YES;
				GCC_OPTIMIZATION_LEVEL = 0;
				GCC_PREPROCESSOR_DEFINITIONS = (
					"DEBUG=1",
					"$(inherited)",
				);
				GCC_SYMBOLS_PRIVATE_EXTERN = NO;
				GCC_WARN_64_TO_32_BIT_CONVERSION = YES;
				GCC_WARN_ABOUT_RETURN_TYPE = YES_ERROR;
				GCC_WARN_UNDECLARED_SELECTOR = YES;
				GCC_WARN_UNINITIALIZED_AUTOS = YES;
				GCC_WARN_UNUSED_FUNCTION = YES;
				GCC_WARN_UNUSED_VARIABLE = YES;
				MACOSX_DEPLOYMENT_TARGET = 10.8;
				ONLY_ACTIVE_ARCH = YES;
				SDKROOT = macosx;
			};
			name = Debug;
		};
		AC8238EB180340E400E3A207 /* Release */ = {
			isa = XCBuildConfiguration;
			buildSettings = {
				ALWAYS_SEARCH_USER_PATHS = NO;
				CLANG_CXX_LANGUAGE_STANDARD = "gnu++0x";
				CLANG_CXX_LIBRARY = "libc++";
				CLANG_ENABLE_MODULES = YES;
				CLANG_ENABLE_OBJC_ARC = YES;
				CLANG_WARN_BOOL_CONVERSION = YES;
				CLANG_WARN_CONSTANT_CONVERSION = YES;
				CLANG_WARN_DIRECT_OBJC_ISA_USAGE = YES_ERROR;
				CLANG_WARN_EMPTY_BODY = YES;
				CLANG_WARN_ENUM_CONVERSION = YES;
				CLANG_WARN_INT_CONVERSION = YES;
				CLANG_WARN_OBJC_ROOT_CLASS = YES_ERROR;
				CLANG_WARN__DUPLICATE_METHOD_MATCH = YES;
				COPY_PHASE_STRIP = YES;
				DEBUG_INFORMATION_FORMAT = "dwarf-with-dsym";
				ENABLE_NS_ASSERTIONS = NO;
				GCC_C_LANGUAGE_STANDARD = gnu99;
				GCC_ENABLE_OBJC_EXCEPTIONS = YES;
				GCC_WARN_64_TO_32_BIT_CONVERSION = YES;
				GCC_WARN_ABOUT_RETURN_TYPE = YES_ERROR;
				GCC_WARN_UNDECLARED_SELECTOR = YES;
				GCC_WARN_UNINITIALIZED_AUTOS = YES;
				GCC_WARN_UNUSED_FUNCTION = YES;
				GCC_WARN_UNUSED_VARIABLE = YES;
				MACOSX_DEPLOYMENT_TARGET = 10.8;
				SDKROOT = macosx;
			};
			name = Release;
		};
		AC8238ED180340E400E3A207 /* Debug */ = {
			isa = XCBuildConfiguration;
			buildSettings = {
				PRODUCT_NAME = "$(TARGET_NAME)";
			};
			name = Debug;
		};
		AC8238EE180340E400E3A207 /* Release */ = {
			isa = XCBuildConfiguration;
			buildSettings = {
				PRODUCT_NAME = "$(TARGET_NAME)";
			};
			name = Release;
		};
/* End XCBuildConfiguration section */

/* Begin XCConfigurationList section */
		AC8238DE180340E400E3A207 /* Build configuration list for PBXProject "semaphore_timing" */ = {
			isa = XCConfigurationList;
			buildConfigurations = (
				AC8238EA180340E400E3A207 /* Debug */,
				AC8238EB180340E400E3A207 /* Release */,
			);
			defaultConfigurationIsVisible = 0;
			defaultConfigurationName = Release;
		};
		AC8238EC180340E400E3A207 /* Build configuration list for PBXNativeTarget "semaphore_timing" */ = {
			isa = XCConfigurationList;
			buildConfigurations = (
				AC8238ED180340E400E3A207 /* Debug */,
				AC8238EE180340E400E3A207 /* Release */,
			);
			defaultConfigurationIsVisible = 0;
		};
/* End XCConfigurationList section */
	};
	rootObject = AC8238DB180340E400E3A207 /* Project object */;
}
